
Microsoft Visual Studio Solution File, Format Version 12.00
# Visual Studio Version 17
VisualStudioVersion = 17.2.32526.322
MinimumVisualStudioVersion = 10.0.40219.1
Project("{FAE04EC0-301F-11D3-BF4B-00C04F79EFBC}") = "TelaLogin", "TelaLogin\TelaLogin.csproj", "{3FEE674C-56A5-495D-9E79-20B5AA74D68D}"
EndProject
Global
	GlobalSection(SolutionConfigurationPlatforms) = preSolution
		Debug|Any CPU = Debug|Any CPU
		Release|Any CPU = Release|Any CPU
	EndGlobalSection
	GlobalSection(ProjectConfigurationPlatforms) = postSolution
		{3FEE674C-56A5-495D-9E79-20B5AA74D68D}.Debug|Any CPU.ActiveCfg = Debug|Any CPU
		{3FEE674C-56A5-495D-9E79-20B5AA74D68D}.Debug|Any CPU.Build.0 = Debug|Any CPU
		{3FEE674C-56A5-495D-9E79-20B5AA74D68D}.Release|Any CPU.ActiveCfg = Release|Any CPU
		{3FEE674C-56A5-495D-9E79-20B5AA74D68D}.Release|Any CPU.Build.0 = Release|Any CPU
	EndGlobalSection
	GlobalSection(SolutionProperties) = preSolution
		HideSolutionNode = FALSE
	EndGlobalSection
	GlobalSection(ExtensibilityGlobals) = postSolution
		SolutionGuid = {29AC86C8-075B-45F8-96ED-E9F79AF0C9D0}
	EndGlobalSection
EndGlobal
